
Microsoft Visual Studio Solution File, Format Version 12.00
# Visual Studio Version 16
VisualStudioVersion = 16.0.31702.278
MinimumVisualStudioVersion = 10.0.40219.1
Project("{FAE04EC0-301F-11D3-BF4B-00C04F79EFBC}") = "AzureWebApp", "AzureWebApp\AzureWebApp.csproj", "{DA1A88D0-6CA4-4801-B8EC-C31AB1D58E36}"
EndProject
Global
	GlobalSection(SolutionConfigurationPlatforms) = preSolution
		Debug|Any CPU = Debug|Any CPU
		Release|Any CPU = Release|Any CPU
	EndGlobalSection
	GlobalSection(ProjectConfigurationPlatforms) = postSolution
		{DA1A88D0-6CA4-4801-B8EC-C31AB1D58E36}.Debug|Any CPU.ActiveCfg = Debug|Any CPU
		{DA1A88D0-6CA4-4801-B8EC-C31AB1D58E36}.Debug|Any CPU.Build.0 = Debug|Any CPU
		{DA1A88D0-6CA4-4801-B8EC-C31AB1D58E36}.Release|Any CPU.ActiveCfg = Release|Any CPU
		{DA1A88D0-6CA4-4801-B8EC-C31AB1D58E36}.Release|Any CPU.Build.0 = Release|Any CPU
	EndGlobalSection
	GlobalSection(SolutionProperties) = preSolution
		HideSolutionNode = FALSE
	EndGlobalSection
	GlobalSection(ExtensibilityGlobals) = postSolution
		SolutionGuid = {B2D6DEE4-F183-429A-905F-D25CFB525684}
	EndGlobalSection
EndGlobal
